
Microsoft Visual Studio Solution File, Format Version 12.00
# Visual Studio 2012
Project("{159641D6-6404-4A2A-AE62-294DE0FE8301}") = "RedDW_Data_Export_Exceptions", "RedDW_Data_Export_Exceptions\RedDW_Data_Export_Exceptions.dtproj", "{FE83F6FA-688C-427D-93BC-7AE112950691}"
EndProject
Global
	GlobalSection(TeamFoundationVersionControl) = preSolution
		SccNumberOfProjects = 2
		SccEnterpriseProvider = {4CA58AB2-18FA-4F8D-95D4-32DDF27D184C}
		SccTeamFoundationServer = http://dev-tfs2012:8080/tfs/defaultcollection
		SccLocalPath0 = .
		SccProjectUniqueName1 = RedDW_Data_Export_Exceptions\\RedDW_Data_Export_Exceptions.dtproj
		SccProjectName1 = RedDW_Data_Export_Exceptions
		SccLocalPath1 = RedDW_Data_Export_Exceptions
	EndGlobalSection
	GlobalSection(SolutionConfigurationPlatforms) = preSolution
		Development|Default = Development|Default
	EndGlobalSection
	GlobalSection(ProjectConfigurationPlatforms) = postSolution
		{FE83F6FA-688C-427D-93BC-7AE112950691}.Development|Default.ActiveCfg = Development
		{FE83F6FA-688C-427D-93BC-7AE112950691}.Development|Default.Build.0 = Development
	EndGlobalSection
	GlobalSection(SolutionProperties) = preSolution
		HideSolutionNode = FALSE
	EndGlobalSection
EndGlobal
