
Microsoft Visual Studio Solution File, Format Version 12.00
# Visual Studio 15
VisualStudioVersion = 15.0.27703.2047
MinimumVisualStudioVersion = 10.0.40219.1
Project("{159641D6-6404-4A2A-AE62-294DE0FE8301}") = "BulkAssociateCreation", "BulkAssociateCreation\BulkAssociateCreation.dtproj", "{5AA22E70-D4E2-4A41-9263-AA83B2F3FD35}"
EndProject
Global
	GlobalSection(SolutionConfigurationPlatforms) = preSolution
		Development|Default = Development|Default
	EndGlobalSection
	GlobalSection(ProjectConfigurationPlatforms) = postSolution
		{5AA22E70-D4E2-4A41-9263-AA83B2F3FD35}.Development|Default.ActiveCfg = Development
		{5AA22E70-D4E2-4A41-9263-AA83B2F3FD35}.Development|Default.Build.0 = Development
	EndGlobalSection
	GlobalSection(SolutionProperties) = preSolution
		HideSolutionNode = FALSE
	EndGlobalSection
	GlobalSection(ExtensibilityGlobals) = postSolution
		SolutionGuid = {2EBE0C76-0FEA-46CE-ADF3-FF2040145B9D}
	EndGlobalSection
EndGlobal
