
Microsoft Visual Studio Solution File, Format Version 12.00
# Visual Studio 15
VisualStudioVersion = 15.0.28307.1259
MinimumVisualStudioVersion = 10.0.40219.1
Project("{159641D6-6404-4A2A-AE62-294DE0FE8301}") = "Third_Party_Data_Export", "SSIS_Tutor_Pro_Export\Third_Party_Data_Export.dtproj", "{0B6F3E0B-AEE4-4A6E-B3CC-E2D8E16052B9}"
EndProject
Global
	GlobalSection(SolutionConfigurationPlatforms) = preSolution
		Development|Default = Development|Default
	EndGlobalSection
	GlobalSection(ProjectConfigurationPlatforms) = postSolution
		{0B6F3E0B-AEE4-4A6E-B3CC-E2D8E16052B9}.Development|Default.ActiveCfg = Development
		{0B6F3E0B-AEE4-4A6E-B3CC-E2D8E16052B9}.Development|Default.Build.0 = Development
		{0B6F3E0B-AEE4-4A6E-B3CC-E2D8E16052B9}.Development|Default.Deploy.0 = Development
	EndGlobalSection
	GlobalSection(SolutionProperties) = preSolution
		HideSolutionNode = FALSE
	EndGlobalSection
	GlobalSection(ExtensibilityGlobals) = postSolution
		SolutionGuid = {8A6990DB-B7A4-46E1-B3C7-1FCCD9EA01BF}
	EndGlobalSection
	GlobalSection(TeamFoundationVersionControl) = preSolution
		SccNumberOfProjects = 2
		SccEnterpriseProvider = {4CA58AB2-18FA-4F8D-95D4-32DDF27D184C}
		SccTeamFoundationServer = http://svr-liv-tfs-02:8080/tfs/defaultcollection
		SccProjectUniqueName0 = SSIS_Tutor_Pro_Export\\Third_Party_Data_Export.dtproj
		SccProjectName0 = SSIS_Tutor_Pro_Export
		SccLocalPath0 = SSIS_Tutor_Pro_Export
		SccLocalPath1 = .
	EndGlobalSection
EndGlobal
