
Microsoft Visual Studio Solution File, Format Version 12.00
# Visual Studio 15
VisualStudioVersion = 15.0.28307.1684
MinimumVisualStudioVersion = 10.0.40219.1
Project("{159641D6-6404-4A2A-AE62-294DE0FE8301}") = "UK Sanctions Version 2", "UK Sanctions Version 2\UK Sanctions Version 2.dtproj", "{6265C96F-85A1-4D53-86A3-22EEF1DE459B}"
EndProject
Global
	GlobalSection(SolutionConfigurationPlatforms) = preSolution
		Development|Default = Development|Default
	EndGlobalSection
	GlobalSection(ProjectConfigurationPlatforms) = postSolution
		{6265C96F-85A1-4D53-86A3-22EEF1DE459B}.Development|Default.ActiveCfg = Development
		{6265C96F-85A1-4D53-86A3-22EEF1DE459B}.Development|Default.Build.0 = Development
	EndGlobalSection
	GlobalSection(SolutionProperties) = preSolution
		HideSolutionNode = FALSE
	EndGlobalSection
	GlobalSection(ExtensibilityGlobals) = postSolution
		SolutionGuid = {EA6CCE9C-7A1A-4669-8971-CEA473FC12BD}
	EndGlobalSection
	GlobalSection(TeamFoundationVersionControl) = preSolution
		SccNumberOfProjects = 2
		SccEnterpriseProvider = {4CA58AB2-18FA-4F8D-95D4-32DDF27D184C}
		SccTeamFoundationServer = http://svr-liv-tfs-02:8080/tfs/defaultcollection
		SccLocalPath0 = .
		SccProjectUniqueName1 = UK\u0020Sanctions\u0020Version\u00202\\UK\u0020Sanctions\u0020Version\u00202.dtproj
		SccProjectName1 = UK\u0020Sanctions\u0020Version\u00202
		SccLocalPath1 = UK\u0020Sanctions\u0020Version\u00202
	EndGlobalSection
EndGlobal
