
Microsoft Visual Studio Solution File, Format Version 12.00
# Visual Studio 15
VisualStudioVersion = 15.0.27703.2047
MinimumVisualStudioVersion = 10.0.40219.1
Project("{159641D6-6404-4A2A-AE62-294DE0FE8301}") = "Business Edge Upload", "Business Edge Upload\Business Edge Upload.dtproj", "{2B1837A8-8762-4570-AC76-8C23EAFEA855}"
EndProject
Global
	GlobalSection(SolutionConfigurationPlatforms) = preSolution
		Development|Default = Development|Default
	EndGlobalSection
	GlobalSection(ProjectConfigurationPlatforms) = postSolution
		{2B1837A8-8762-4570-AC76-8C23EAFEA855}.Development|Default.ActiveCfg = Development
		{2B1837A8-8762-4570-AC76-8C23EAFEA855}.Development|Default.Build.0 = Development
	EndGlobalSection
	GlobalSection(SolutionProperties) = preSolution
		HideSolutionNode = FALSE
	EndGlobalSection
	GlobalSection(ExtensibilityGlobals) = postSolution
		SolutionGuid = {E8188C18-1E99-49F4-99C3-6EE900157575}
	EndGlobalSection
	GlobalSection(TeamFoundationVersionControl) = preSolution
		SccNumberOfProjects = 2
		SccEnterpriseProvider = {4CA58AB2-18FA-4F8D-95D4-32DDF27D184C}
		SccTeamFoundationServer = http://svr-liv-tfs-02:8080/tfs/defaultcollection
		SccLocalPath0 = .
		SccProjectUniqueName1 = Business\u0020Edge\u0020Upload\\Business\u0020Edge\u0020Upload.dtproj
		SccProjectName1 = Business\u0020Edge\u0020Upload
		SccLocalPath1 = Business\u0020Edge\u0020Upload
	EndGlobalSection
EndGlobal
