
Microsoft Visual Studio Solution File, Format Version 12.00
# Visual Studio 15
VisualStudioVersion = 15.0.28307.489
MinimumVisualStudioVersion = 10.0.40219.1
Project("{159641D6-6404-4A2A-AE62-294DE0FE8301}") = "LawsoftConversion", "LawsoftConversion\LawsoftConversion.dtproj", "{1375EB18-B293-4168-9658-BB8982EA0358}"
EndProject
Global
	GlobalSection(SolutionConfigurationPlatforms) = preSolution
		Development|Default = Development|Default
	EndGlobalSection
	GlobalSection(ProjectConfigurationPlatforms) = postSolution
		{1375EB18-B293-4168-9658-BB8982EA0358}.Development|Default.ActiveCfg = Development
		{1375EB18-B293-4168-9658-BB8982EA0358}.Development|Default.Build.0 = Development
	EndGlobalSection
	GlobalSection(SolutionProperties) = preSolution
		HideSolutionNode = FALSE
	EndGlobalSection
	GlobalSection(ExtensibilityGlobals) = postSolution
		SolutionGuid = {3D8F4F88-1636-494D-91C6-B272046E7FD3}
	EndGlobalSection
	GlobalSection(TeamFoundationVersionControl) = preSolution
		SccNumberOfProjects = 2
		SccEnterpriseProvider = {4CA58AB2-18FA-4F8D-95D4-32DDF27D184C}
		SccTeamFoundationServer = http://svr-liv-tfs-02:8080/tfs/defaultcollection
		SccLocalPath0 = .
		SccProjectUniqueName1 = LawsoftConversion\\LawsoftConversion.dtproj
		SccProjectName1 = LawsoftConversion
		SccLocalPath1 = LawsoftConversion
	EndGlobalSection
EndGlobal
