
Microsoft Visual Studio Solution File, Format Version 12.00
# Visual Studio 15
VisualStudioVersion = 15.0.28307.489
MinimumVisualStudioVersion = 10.0.40219.1
Project("{159641D6-6404-4A2A-AE62-294DE0FE8301}") = "BulkMSMatterCreation", "BulkMSMatterCreation\BulkMSMatterCreation.dtproj", "{0345E5F7-7A79-45F4-9375-B10F5B778869}"
EndProject
Global
	GlobalSection(SolutionConfigurationPlatforms) = preSolution
		Development|Default = Development|Default
	EndGlobalSection
	GlobalSection(ProjectConfigurationPlatforms) = postSolution
		{0345E5F7-7A79-45F4-9375-B10F5B778869}.Development|Default.ActiveCfg = Development
		{0345E5F7-7A79-45F4-9375-B10F5B778869}.Development|Default.Build.0 = Development
	EndGlobalSection
	GlobalSection(SolutionProperties) = preSolution
		HideSolutionNode = FALSE
	EndGlobalSection
	GlobalSection(ExtensibilityGlobals) = postSolution
		SolutionGuid = {61A11E35-1CB6-4BA2-A244-A5F49215430E}
	EndGlobalSection
	GlobalSection(TeamFoundationVersionControl) = preSolution
		SccNumberOfProjects = 2
		SccEnterpriseProvider = {4CA58AB2-18FA-4F8D-95D4-32DDF27D184C}
		SccTeamFoundationServer = http://svr-liv-tfs-02:8080/tfs/defaultcollection
		SccLocalPath0 = .
		SccProjectUniqueName1 = BulkMSMatterCreation\\BulkMSMatterCreation.dtproj
		SccProjectName1 = BulkMSMatterCreation
		SccLocalPath1 = BulkMSMatterCreation
	EndGlobalSection
EndGlobal
