
Microsoft Visual Studio Solution File, Format Version 12.00
# Visual Studio 15
VisualStudioVersion = 15.0.28307.106
MinimumVisualStudioVersion = 10.0.40219.1
Project("{159641D6-6404-4A2A-AE62-294DE0FE8301}") = "MattersphereCaseDetailAPI", "MattersphereCaseDetailAPI\MattersphereCaseDetailAPI.dtproj", "{000A0442-EF2E-4385-8A4D-EA40ADD3F637}"
EndProject
Global
	GlobalSection(SolutionConfigurationPlatforms) = preSolution
		Development|Default = Development|Default
	EndGlobalSection
	GlobalSection(ProjectConfigurationPlatforms) = postSolution
		{000A0442-EF2E-4385-8A4D-EA40ADD3F637}.Development|Default.ActiveCfg = Development
		{000A0442-EF2E-4385-8A4D-EA40ADD3F637}.Development|Default.Build.0 = Development
	EndGlobalSection
	GlobalSection(SolutionProperties) = preSolution
		HideSolutionNode = FALSE
	EndGlobalSection
	GlobalSection(ExtensibilityGlobals) = postSolution
		SolutionGuid = {E21B94BD-78BF-468F-A197-E6A5067DE09C}
	EndGlobalSection
EndGlobal
