
Microsoft Visual Studio Solution File, Format Version 12.00
# Visual Studio 15
VisualStudioVersion = 15.0.28307.1259
MinimumVisualStudioVersion = 10.0.40219.1
Project("{159641D6-6404-4A2A-AE62-294DE0FE8301}") = "API Staging", "API Staging\API Staging.dtproj", "{A3E62C76-3B8D-470F-9353-854E510896DD}"
EndProject
Global
	GlobalSection(SolutionConfigurationPlatforms) = preSolution
		Development|Default = Development|Default
	EndGlobalSection
	GlobalSection(ProjectConfigurationPlatforms) = postSolution
		{A3E62C76-3B8D-470F-9353-854E510896DD}.Development|Default.ActiveCfg = Development
		{A3E62C76-3B8D-470F-9353-854E510896DD}.Development|Default.Build.0 = Development
	EndGlobalSection
	GlobalSection(SolutionProperties) = preSolution
		HideSolutionNode = FALSE
	EndGlobalSection
	GlobalSection(ExtensibilityGlobals) = postSolution
		SolutionGuid = {62A2B739-B5CC-434F-943E-7EBA26EF22FD}
	EndGlobalSection
	GlobalSection(TeamFoundationVersionControl) = preSolution
		SccNumberOfProjects = 2
		SccEnterpriseProvider = {4CA58AB2-18FA-4F8D-95D4-32DDF27D184C}
		SccTeamFoundationServer = http://svr-liv-tfs-02:8080/tfs/defaultcollection
		SccLocalPath0 = .
		SccProjectUniqueName1 = API\u0020Staging\\API\u0020Staging.dtproj
		SccProjectName1 = API\u0020Staging
		SccLocalPath1 = API\u0020Staging
	EndGlobalSection
EndGlobal
