
Microsoft Visual Studio Solution File, Format Version 12.00
# Visual Studio 2012
Project("{159641D6-6404-4A2A-AE62-294DE0FE8301}") = "ifb", "ifb\ifb.dtproj", "{7F88CE8E-EB2F-404E-8D4C-8EF4C94A4167}"
EndProject
Global
	GlobalSection(TeamFoundationVersionControl) = preSolution
		SccNumberOfProjects = 2
		SccEnterpriseProvider = {4CA58AB2-18FA-4F8D-95D4-32DDF27D184C}
		SccTeamFoundationServer = http://dev-tfs2012:8080/tfs/defaultcollection
		SccLocalPath0 = .
		SccProjectUniqueName1 = ifb\\ifb.dtproj
		SccProjectName1 = ifb
		SccLocalPath1 = ifb
	EndGlobalSection
	GlobalSection(SolutionConfigurationPlatforms) = preSolution
		Development|Default = Development|Default
	EndGlobalSection
	GlobalSection(ProjectConfigurationPlatforms) = postSolution
		{7F88CE8E-EB2F-404E-8D4C-8EF4C94A4167}.Development|Default.ActiveCfg = Development
		{7F88CE8E-EB2F-404E-8D4C-8EF4C94A4167}.Development|Default.Build.0 = Development
	EndGlobalSection
	GlobalSection(SolutionProperties) = preSolution
		HideSolutionNode = FALSE
	EndGlobalSection
EndGlobal
