
Microsoft Visual Studio Solution File, Format Version 12.00
# Visual Studio 2012
Project("{159641D6-6404-4A2A-AE62-294DE0FE8301}") = "DisbsToMatterPlans", "DisbsToMatterPlans\DisbsToMatterPlans.dtproj", "{598BB6CD-1A18-4F4B-8035-CABB0C0D9B2A}"
EndProject
Global
	GlobalSection(TeamFoundationVersionControl) = preSolution
		SccNumberOfProjects = 2
		SccEnterpriseProvider = {4CA58AB2-18FA-4F8D-95D4-32DDF27D184C}
		SccTeamFoundationServer = http://svr-liv-tfs-02:8080/tfs/defaultcollection
		SccLocalPath0 = .
		SccProjectUniqueName1 = DisbsToMatterPlans\\DisbsToMatterPlans.dtproj
		SccProjectName1 = DisbsToMatterPlans
		SccLocalPath1 = DisbsToMatterPlans
	EndGlobalSection
	GlobalSection(SolutionConfigurationPlatforms) = preSolution
		Development|Default = Development|Default
	EndGlobalSection
	GlobalSection(ProjectConfigurationPlatforms) = postSolution
		{598BB6CD-1A18-4F4B-8035-CABB0C0D9B2A}.Development|Default.ActiveCfg = Development
		{598BB6CD-1A18-4F4B-8035-CABB0C0D9B2A}.Development|Default.Build.0 = Development
	EndGlobalSection
	GlobalSection(SolutionProperties) = preSolution
		HideSolutionNode = FALSE
	EndGlobalSection
EndGlobal
