
Microsoft Visual Studio Solution File, Format Version 12.00
# Visual Studio 2012
Project("{159641D6-6404-4A2A-AE62-294DE0FE8301}") = "Import MatterSphere Mappings", "Import MatterSphere Mappings\Import MatterSphere Mappings.dtproj", "{30F763F1-7FFB-4956-A8D3-7BCCCA5489AC}"
EndProject
Global
	GlobalSection(TeamFoundationVersionControl) = preSolution
		SccNumberOfProjects = 2
		SccEnterpriseProvider = {4CA58AB2-18FA-4F8D-95D4-32DDF27D184C}
		SccTeamFoundationServer = http://dev-tfs2012:8080/tfs/defaultcollection
		SccLocalPath0 = .
		SccProjectUniqueName1 = Import\u0020MatterSphere\u0020Mappings\\Import\u0020MatterSphere\u0020Mappings.dtproj
		SccProjectName1 = Import\u0020MatterSphere\u0020Mappings
		SccLocalPath1 = Import\u0020MatterSphere\u0020Mappings
	EndGlobalSection
	GlobalSection(SolutionConfigurationPlatforms) = preSolution
		Development|Default = Development|Default
	EndGlobalSection
	GlobalSection(ProjectConfigurationPlatforms) = postSolution
		{30F763F1-7FFB-4956-A8D3-7BCCCA5489AC}.Development|Default.ActiveCfg = Development
		{30F763F1-7FFB-4956-A8D3-7BCCCA5489AC}.Development|Default.Build.0 = Development
	EndGlobalSection
	GlobalSection(SolutionProperties) = preSolution
		HideSolutionNode = FALSE
	EndGlobalSection
EndGlobal
