
Microsoft Visual Studio Solution File, Format Version 12.00
# Visual Studio 2012
Project("{159641D6-6404-4A2A-AE62-294DE0FE8301}") = "ExtranetSourceDataETL", "ExtranetSourceDataETL\ExtranetSourceDataETL.dtproj", "{77C8CAED-7FDF-4A6A-9989-51FB6BF6CCC8}"
EndProject
Global
	GlobalSection(TeamFoundationVersionControl) = preSolution
		SccNumberOfProjects = 2
		SccEnterpriseProvider = {4CA58AB2-18FA-4F8D-95D4-32DDF27D184C}
		SccTeamFoundationServer = http://dev-tfs2012:8080/tfs/defaultcollection
		SccLocalPath0 = .
		SccProjectUniqueName1 = ExtranetSourceDataETL\\ExtranetSourceDataETL.dtproj
		SccProjectName1 = ExtranetSourceDataETL
		SccLocalPath1 = ExtranetSourceDataETL
	EndGlobalSection
	GlobalSection(SolutionConfigurationPlatforms) = preSolution
		Development|Default = Development|Default
	EndGlobalSection
	GlobalSection(ProjectConfigurationPlatforms) = postSolution
		{77C8CAED-7FDF-4A6A-9989-51FB6BF6CCC8}.Development|Default.ActiveCfg = Development
		{77C8CAED-7FDF-4A6A-9989-51FB6BF6CCC8}.Development|Default.Build.0 = Development
	EndGlobalSection
	GlobalSection(SolutionProperties) = preSolution
		HideSolutionNode = FALSE
	EndGlobalSection
EndGlobal
