
Microsoft Visual Studio Solution File, Format Version 12.00
# Visual Studio 15
VisualStudioVersion = 15.0.28307.1259
MinimumVisualStudioVersion = 10.0.40219.1
Project("{159641D6-6404-4A2A-AE62-294DE0FE8301}") = "RMG Empolyment with Legal Services", "RMG Test\RMG Empolyment with Legal Services.dtproj", "{B2CE8354-A0C1-4BA3-BBD9-D9B6818C618D}"
EndProject
Global
	GlobalSection(SolutionConfigurationPlatforms) = preSolution
		Development|Default = Development|Default
	EndGlobalSection
	GlobalSection(ProjectConfigurationPlatforms) = postSolution
		{B2CE8354-A0C1-4BA3-BBD9-D9B6818C618D}.Development|Default.ActiveCfg = Development
		{B2CE8354-A0C1-4BA3-BBD9-D9B6818C618D}.Development|Default.Build.0 = Development
	EndGlobalSection
	GlobalSection(SolutionProperties) = preSolution
		HideSolutionNode = FALSE
	EndGlobalSection
	GlobalSection(ExtensibilityGlobals) = postSolution
		SolutionGuid = {39B764CF-2487-445C-9356-CADC175AC65E}
	EndGlobalSection
	GlobalSection(TeamFoundationVersionControl) = preSolution
		SccNumberOfProjects = 2
		SccEnterpriseProvider = {4CA58AB2-18FA-4F8D-95D4-32DDF27D184C}
		SccTeamFoundationServer = http://svr-liv-tfs-02:8080/tfs/defaultcollection
		SccProjectUniqueName0 = RMG\u0020Test\\RMG\u0020Empolyment\u0020with\u0020Legal\u0020Services.dtproj
		SccProjectName0 = RMG\u0020Test
		SccLocalPath0 = RMG\u0020Test
		SccLocalPath1 = .
	EndGlobalSection
EndGlobal
