
Microsoft Visual Studio Solution File, Format Version 12.00
# Visual Studio 2012
Project("{159641D6-6404-4A2A-AE62-294DE0FE8301}") = "EquitracExport", "EquitracExport\EquitracExport.dtproj", "{855D4372-63E2-40BC-8EA4-C696B1A4FD18}"
EndProject
Global
	GlobalSection(TeamFoundationVersionControl) = preSolution
		SccNumberOfProjects = 2
		SccEnterpriseProvider = {4CA58AB2-18FA-4F8D-95D4-32DDF27D184C}
		SccTeamFoundationServer = http://dev-tfs2012:8080/tfs/defaultcollection
		SccLocalPath0 = .
		SccProjectUniqueName1 = EquitracExport\\EquitracExport.dtproj
		SccProjectName1 = EquitracExport
		SccLocalPath1 = EquitracExport
	EndGlobalSection
	GlobalSection(SolutionConfigurationPlatforms) = preSolution
		Development|Default = Development|Default
	EndGlobalSection
	GlobalSection(ProjectConfigurationPlatforms) = postSolution
		{855D4372-63E2-40BC-8EA4-C696B1A4FD18}.Development|Default.ActiveCfg = Development
		{855D4372-63E2-40BC-8EA4-C696B1A4FD18}.Development|Default.Build.0 = Development
	EndGlobalSection
	GlobalSection(SolutionProperties) = preSolution
		HideSolutionNode = FALSE
	EndGlobalSection
EndGlobal
