
Microsoft Visual Studio Solution File, Format Version 12.00
# Visual Studio 15
VisualStudioVersion = 15.0.28307.489
MinimumVisualStudioVersion = 10.0.40219.1
Project("{159641D6-6404-4A2A-AE62-294DE0FE8301}") = "VisualFileMigration", "VisualFileMigration\VisualFileMigration.dtproj", "{A81E88C8-CAA2-4C4F-AD03-37B21889EDBA}"
EndProject
Global
	GlobalSection(SolutionConfigurationPlatforms) = preSolution
		Development|Default = Development|Default
	EndGlobalSection
	GlobalSection(ProjectConfigurationPlatforms) = postSolution
		{A81E88C8-CAA2-4C4F-AD03-37B21889EDBA}.Development|Default.ActiveCfg = Development
		{A81E88C8-CAA2-4C4F-AD03-37B21889EDBA}.Development|Default.Build.0 = Development
	EndGlobalSection
	GlobalSection(SolutionProperties) = preSolution
		HideSolutionNode = FALSE
	EndGlobalSection
	GlobalSection(ExtensibilityGlobals) = postSolution
		SolutionGuid = {ED545756-1CEF-4AB7-B575-75A50A1A5C0B}
	EndGlobalSection
	GlobalSection(TeamFoundationVersionControl) = preSolution
		SccNumberOfProjects = 2
		SccEnterpriseProvider = {4CA58AB2-18FA-4F8D-95D4-32DDF27D184C}
		SccTeamFoundationServer = http://svr-liv-tfs-02:8080/tfs/defaultcollection
		SccLocalPath0 = .
		SccProjectUniqueName1 = VisualFileMigration\\VisualFileMigration.dtproj
		SccProjectName1 = VisualFileMigration
		SccLocalPath1 = VisualFileMigration
	EndGlobalSection
EndGlobal
