
Microsoft Visual Studio Solution File, Format Version 12.00
# Visual Studio 15
VisualStudioVersion = 15.0.28307.136
MinimumVisualStudioVersion = 10.0.40219.1
Project("{159641D6-6404-4A2A-AE62-294DE0FE8301}") = "Team Debt Upload", "Team Debt Upload\Team Debt Upload.dtproj", "{347E1446-63AE-4A23-BC43-AC7FE30F9C4C}"
EndProject
Global
	GlobalSection(SolutionConfigurationPlatforms) = preSolution
		Development|Default = Development|Default
	EndGlobalSection
	GlobalSection(ProjectConfigurationPlatforms) = postSolution
		{347E1446-63AE-4A23-BC43-AC7FE30F9C4C}.Development|Default.ActiveCfg = Development
		{347E1446-63AE-4A23-BC43-AC7FE30F9C4C}.Development|Default.Build.0 = Development
	EndGlobalSection
	GlobalSection(SolutionProperties) = preSolution
		HideSolutionNode = FALSE
	EndGlobalSection
	GlobalSection(ExtensibilityGlobals) = postSolution
		SolutionGuid = {B8E8637A-E389-420E-8FFB-7427BDE51749}
	EndGlobalSection
	GlobalSection(TeamFoundationVersionControl) = preSolution
		SccNumberOfProjects = 2
		SccEnterpriseProvider = {4CA58AB2-18FA-4F8D-95D4-32DDF27D184C}
		SccTeamFoundationServer = http://svr-liv-tfs-02:8080/tfs/defaultcollection
		SccLocalPath0 = .
		SccProjectUniqueName1 = Team\u0020Debt\u0020Upload\\Team\u0020Debt\u0020Upload.dtproj
		SccProjectName1 = Team\u0020Debt\u0020Upload
		SccLocalPath1 = Team\u0020Debt\u0020Upload
	EndGlobalSection
EndGlobal
