
Microsoft Visual Studio Solution File, Format Version 12.00
# Visual Studio 2012
Project("{159641D6-6404-4A2A-AE62-294DE0FE8301}") = "MatterSpherePhase2", "MatterSpherePhase2\MatterSpherePhase2.dtproj", "{C8C38CA8-07BA-409D-8D8B-076806C9D2F9}"
EndProject
Global
	GlobalSection(TeamFoundationVersionControl) = preSolution
		SccNumberOfProjects = 2
		SccEnterpriseProvider = {4CA58AB2-18FA-4F8D-95D4-32DDF27D184C}
		SccTeamFoundationServer = http://dev-tfs2012:8080/tfs/defaultcollection
		SccLocalPath0 = .
		SccProjectUniqueName1 = MatterSpherePhase2\\MatterSpherePhase2.dtproj
		SccProjectName1 = MatterSpherePhase2
		SccLocalPath1 = MatterSpherePhase2
	EndGlobalSection
	GlobalSection(SolutionConfigurationPlatforms) = preSolution
		Development|Default = Development|Default
	EndGlobalSection
	GlobalSection(ProjectConfigurationPlatforms) = postSolution
		{C8C38CA8-07BA-409D-8D8B-076806C9D2F9}.Development|Default.ActiveCfg = Development
		{C8C38CA8-07BA-409D-8D8B-076806C9D2F9}.Development|Default.Build.0 = Development
	EndGlobalSection
	GlobalSection(SolutionProperties) = preSolution
		HideSolutionNode = FALSE
	EndGlobalSection
EndGlobal
