
Microsoft Visual Studio Solution File, Format Version 12.00
# Visual Studio 2012
Project("{159641D6-6404-4A2A-AE62-294DE0FE8301}") = "ExceptionsProjectDWH", "ExceptionsProjectDWH\ExceptionsProjectDWH.dtproj", "{07794962-8BC5-47ED-9509-9F2A4D4A87A3}"
EndProject
Global
	GlobalSection(TeamFoundationVersionControl) = preSolution
		SccNumberOfProjects = 2
		SccEnterpriseProvider = {4CA58AB2-18FA-4F8D-95D4-32DDF27D184C}
		SccTeamFoundationServer = http://svr-liv-tfs-02:8080/tfs/defaultcollection
		SccLocalPath0 = .
		SccProjectUniqueName1 = ExceptionsProjectDWH\\ExceptionsProjectDWH.dtproj
		SccProjectName1 = ExceptionsProjectDWH
		SccLocalPath1 = ExceptionsProjectDWH
	EndGlobalSection
	GlobalSection(SolutionConfigurationPlatforms) = preSolution
		Development|Default = Development|Default
	EndGlobalSection
	GlobalSection(ProjectConfigurationPlatforms) = postSolution
		{07794962-8BC5-47ED-9509-9F2A4D4A87A3}.Development|Default.ActiveCfg = Development
		{07794962-8BC5-47ED-9509-9F2A4D4A87A3}.Development|Default.Build.0 = Development
	EndGlobalSection
	GlobalSection(SolutionProperties) = preSolution
		HideSolutionNode = FALSE
	EndGlobalSection
EndGlobal
