
Microsoft Visual Studio Solution File, Format Version 12.00
# Visual Studio 15
VisualStudioVersion = 15.0.28307.1259
MinimumVisualStudioVersion = 10.0.40219.1
Project("{159641D6-6404-4A2A-AE62-294DE0FE8301}") = "Gas Compliance Data Import", "Gas Compliance Data Import\Gas Compliance Data Import.dtproj", "{891E890A-0EFD-4D47-8210-64C13E0A3DE6}"
EndProject
Global
	GlobalSection(SolutionConfigurationPlatforms) = preSolution
		Development|Default = Development|Default
	EndGlobalSection
	GlobalSection(ProjectConfigurationPlatforms) = postSolution
		{891E890A-0EFD-4D47-8210-64C13E0A3DE6}.Development|Default.ActiveCfg = Development
		{891E890A-0EFD-4D47-8210-64C13E0A3DE6}.Development|Default.Build.0 = Development
	EndGlobalSection
	GlobalSection(SolutionProperties) = preSolution
		HideSolutionNode = FALSE
	EndGlobalSection
	GlobalSection(ExtensibilityGlobals) = postSolution
		SolutionGuid = {B4562B7E-2861-4C34-A8BA-98E6D858DB77}
	EndGlobalSection
	GlobalSection(TeamFoundationVersionControl) = preSolution
		SccNumberOfProjects = 2
		SccEnterpriseProvider = {4CA58AB2-18FA-4F8D-95D4-32DDF27D184C}
		SccTeamFoundationServer = http://svr-liv-tfs-02:8080/tfs/defaultcollection
		SccLocalPath0 = .
		SccProjectUniqueName1 = Gas\u0020Compliance\u0020Data\u0020Import\\Gas\u0020Compliance\u0020Data\u0020Import.dtproj
		SccProjectName1 = Gas\u0020Compliance\u0020Data\u0020Import
		SccLocalPath1 = Gas\u0020Compliance\u0020Data\u0020Import
	EndGlobalSection
EndGlobal
