
Microsoft Visual Studio Solution File, Format Version 12.00
# Visual Studio 15
VisualStudioVersion = 15.0.28307.2017
MinimumVisualStudioVersion = 10.0.40219.1
Project("{159641D6-6404-4A2A-AE62-294DE0FE8301}") = "RLBNewClientCheck", "RLBNewClientCheck\RLBNewClientCheck.dtproj", "{A95EAFCF-840A-4C4E-B248-FB8C7155A376}"
EndProject
Global
	GlobalSection(SolutionConfigurationPlatforms) = preSolution
		Development|Default = Development|Default
	EndGlobalSection
	GlobalSection(ProjectConfigurationPlatforms) = postSolution
		{A95EAFCF-840A-4C4E-B248-FB8C7155A376}.Development|Default.ActiveCfg = Development
		{A95EAFCF-840A-4C4E-B248-FB8C7155A376}.Development|Default.Build.0 = Development
	EndGlobalSection
	GlobalSection(SolutionProperties) = preSolution
		HideSolutionNode = FALSE
	EndGlobalSection
	GlobalSection(ExtensibilityGlobals) = postSolution
		SolutionGuid = {E1BA7B2C-3536-4E7B-9F4B-0A142DDCEBCD}
	EndGlobalSection
	GlobalSection(TeamFoundationVersionControl) = preSolution
		SccNumberOfProjects = 2
		SccEnterpriseProvider = {4CA58AB2-18FA-4F8D-95D4-32DDF27D184C}
		SccTeamFoundationServer = http://svr-liv-tfs-02:8080/tfs/defaultcollection
		SccLocalPath0 = .
		SccProjectUniqueName1 = RLBNewClientCheck\\RLBNewClientCheck.dtproj
		SccProjectName1 = RLBNewClientCheck
		SccLocalPath1 = RLBNewClientCheck
	EndGlobalSection
EndGlobal
